// !$*UTF8*$!
{
	archiveVersion = 1;
	classes = {
	};
	objectVersion = 46;
	objects = {

/* Begin PBXBuildFile section */
		30F15850DF077145E3EF6101 /* Pods_News.framework in Frameworks */ = {isa = PBXBuildFile; fileRef = 953005C151EDA8CA4EFB1F37 /* Pods_News.framework */; };
		742BE4411DB0ECA5009D488F /* NewsModel.swift in Sources */ = {isa = PBXBuildFile; fileRef = 742BE4401DB0ECA5009D488F /* NewsModel.swift */; };
		74BFC4F81DAB7E77001E45A9 /* AppDelegate.swift in Sources */ = {isa = PBXBuildFile; fileRef = 74BFC4F71DAB7E77001E45A9 /* AppDelegate.swift */; };
		74BFC4FD1DAB7E77001E45A9 /* Main.storyboard in Resources */ = {isa = PBXBuildFile; fileRef = 74BFC4FB1DAB7E77001E45A9 /* Main.storyboard */; };
		74BFC4FF1DAB7E77001E45A9 /* Assets.xcassets in Resources */ = {isa = PBXBuildFile; fileRef = 74BFC4FE1DAB7E77001E45A9 /* Assets.xcassets */; };
		74BFC5021DAB7E77001E45A9 /* LaunchScreen.storyboard in Resources */ = {isa = PBXBuildFile; fileRef = 74BFC5001DAB7E77001E45A9 /* LaunchScreen.storyboard */; };
		74DCA8211DB0DBC2001F28FD /* HomeViewController.swift in Sources */ = {isa = PBXBuildFile; fileRef = 74DCA81D1DB0DBC2001F28FD /* HomeViewController.swift */; };
		74DCA8231DB0DC14001F28FD /* NetworkTools.swift in Sources */ = {isa = PBXBuildFile; fileRef = 74DCA8221DB0DC14001F28FD /* NetworkTools.swift */; };
/* End PBXBuildFile section */

/* Begin PBXFileReference section */
		388782A40DF7C678B400DECF /* Pods-News.debug.xcconfig */ = {isa = PBXFileReference; includeInIndex = 1; lastKnownFileType = text.xcconfig; name = "Pods-News.debug.xcconfig"; path = "Pods/Target Support Files/Pods-News/Pods-News.debug.xcconfig"; sourceTree = "<group>"; };
		742BE4401DB0ECA5009D488F /* NewsModel.swift */ = {isa = PBXFileReference; fileEncoding = 4; lastKnownFileType = sourcecode.swift; path = NewsModel.swift; sourceTree = "<group>"; };
		74BFC4F41DAB7E77001E45A9 /* News.app */ = {isa = PBXFileReference; explicitFileType = wrapper.application; includeInIndex = 0; path = News.app; sourceTree = BUILT_PRODUCTS_DIR; };
		74BFC4F71DAB7E77001E45A9 /* AppDelegate.swift */ = {isa = PBXFileReference; lastKnownFileType = sourcecode.swift; path = AppDelegate.swift; sourceTree = "<group>"; };
		74BFC4FC1DAB7E77001E45A9 /* Base */ = {isa = PBXFileReference; lastKnownFileType = file.storyboard; name = Base; path = Base.lproj/Main.storyboard; sourceTree = "<group>"; };
		74BFC4FE1DAB7E77001E45A9 /* Assets.xcassets */ = {isa = PBXFileReference; lastKnownFileType = folder.assetcatalog; path = Assets.xcassets; sourceTree = "<group>"; };
		74BFC5011DAB7E77001E45A9 /* Base */ = {isa = PBXFileReference; lastKnownFileType = file.storyboard; name = Base; path = Base.lproj/LaunchScreen.storyboard; sourceTree = "<group>"; };
		74BFC5031DAB7E77001E45A9 /* Info.plist */ = {isa = PBXFileReference; lastKnownFileType = text.plist.xml; path = Info.plist; sourceTree = "<group>"; };
		74DCA81D1DB0DBC2001F28FD /* HomeViewController.swift */ = {isa = PBXFileReference; fileEncoding = 4; lastKnownFileType = sourcecode.swift; path = HomeViewController.swift; sourceTree = "<group>"; };
		74DCA8221DB0DC14001F28FD /* NetworkTools.swift */ = {isa = PBXFileReference; fileEncoding = 4; lastKnownFileType = sourcecode.swift; path = NetworkTools.swift; sourceTree = "<group>"; };
		953005C151EDA8CA4EFB1F37 /* Pods_News.framework */ = {isa = PBXFileReference; explicitFileType = wrapper.framework; includeInIndex = 0; path = Pods_News.framework; sourceTree = BUILT_PRODUCTS_DIR; };
		BEE0CAFF58E3FD9A0A94C3CD /* Pods-News.release.xcconfig */ = {isa = PBXFileReference; includeInIndex = 1; lastKnownFileType = text.xcconfig; name = "Pods-News.release.xcconfig"; path = "Pods/Target Support Files/Pods-News/Pods-News.release.xcconfig"; sourceTree = "<group>"; };
/* End PBXFileReference section */

/* Begin PBXFrameworksBuildPhase section */
		74BFC4F11DAB7E76001E45A9 /* Frameworks */ = {
			isa = PBXFrameworksBuildPhase;
			buildActionMask = 2147483647;
			files = (
				30F15850DF077145E3EF6101 /* Pods_News.framework in Frameworks */,
			);
			runOnlyForDeploymentPostprocessing = 0;
		};
/* End PBXFrameworksBuildPhase section */

/* Begin PBXGroup section */
		74BFC4EB1DAB7E76001E45A9 = {
			isa = PBXGroup;
			children = (
				74BFC4F61DAB7E77001E45A9 /* News */,
				74BFC4F51DAB7E77001E45A9 /* Products */,
				E48BD4B53B40B8E777EF7F08 /* Pods */,
				762E162A6B91A05B8E2BD909 /* Frameworks */,
			);
			sourceTree = "<group>";
		};
		74BFC4F51DAB7E77001E45A9 /* Products */ = {
			isa = PBXGroup;
			children = (
				74BFC4F41DAB7E77001E45A9 /* News.app */,
			);
			name = Products;
			sourceTree = "<group>";
		};
		74BFC4F61DAB7E77001E45A9 /* News */ = {
			isa = PBXGroup;
			children = (
				74DCA81B1DB0DBC2001F28FD /* Classes */,
				74BFC4F71DAB7E77001E45A9 /* AppDelegate.swift */,
				74BFC4FB1DAB7E77001E45A9 /* Main.storyboard */,
				74BFC4FE1DAB7E77001E45A9 /* Assets.xcassets */,
				74BFC5001DAB7E77001E45A9 /* LaunchScreen.storyboard */,
				74BFC5031DAB7E77001E45A9 /* Info.plist */,
			);
			path = News;
			sourceTree = "<group>";
		};
		74DCA81B1DB0DBC2001F28FD /* Classes */ = {
			isa = PBXGroup;
			children = (
				74DCA81E1DB0DBC2001F28FD /* Model */,
				74DCA8201DB0DBC2001F28FD /* View */,
				74DCA81C1DB0DBC2001F28FD /* Controller */,
				74DCA81F1DB0DBC2001F28FD /* Tools */,
			);
			path = Classes;
			sourceTree = "<group>";
		};
		74DCA81C1DB0DBC2001F28FD /* Controller */ = {
			isa = PBXGroup;
			children = (
				74DCA81D1DB0DBC2001F28FD /* HomeViewController.swift */,
			);
			path = Controller;
			sourceTree = "<group>";
		};
		74DCA81E1DB0DBC2001F28FD /* Model */ = {
			isa = PBXGroup;
			children = (
				742BE4401DB0ECA5009D488F /* NewsModel.swift */,
			);
			path = Model;
			sourceTree = "<group>";
		};
		74DCA81F1DB0DBC2001F28FD /* Tools */ = {
			isa = PBXGroup;
			children = (
				74DCA8221DB0DC14001F28FD /* NetworkTools.swift */,
			);
			path = Tools;
			sourceTree = "<group>";
		};
		74DCA8201DB0DBC2001F28FD /* View */ = {
			isa = PBXGroup;
			children = (
			);
			path = View;
			sourceTree = "<group>";
		};
		762E162A6B91A05B8E2BD909 /* Frameworks */ = {
			isa = PBXGroup;
			children = (
				953005C151EDA8CA4EFB1F37 /* Pods_News.framework */,
			);
			name = Frameworks;
			sourceTree = "<group>";
		};
		E48BD4B53B40B8E777EF7F08 /* Pods */ = {
			isa = PBXGroup;
			children = (
				388782A40DF7C678B400DECF /* Pods-News.debug.xcconfig */,
				BEE0CAFF58E3FD9A0A94C3CD /* Pods-News.release.xcconfig */,
			);
			name = Pods;
			sourceTree = "<group>";
		};
/* End PBXGroup section */

/* Begin PBXNativeTarget section */
		74BFC4F31DAB7E76001E45A9 /* News */ = {
			isa = PBXNativeTarget;
			buildConfigurationList = 74BFC5061DAB7E77001E45A9 /* Build configuration list for PBXNativeTarget "News" */;
			buildPhases = (
				9601C70E96585B50200475C8 /* [CP] Check Pods Manifest.lock */,
				74BFC4F01DAB7E76001E45A9 /* Sources */,
				74BFC4F11DAB7E76001E45A9 /* Frameworks */,
				74BFC4F21DAB7E76001E45A9 /* Resources */,
				AA39E3F83F412D40C53B9905 /* [CP] Embed Pods Frameworks */,
				0431DC2EB46CB054E54F97E1 /* [CP] Copy Pods Resources */,
			);
			buildRules = (
			);
			dependencies = (
			);
			name = News;
			productName = News;
			productReference = 74BFC4F41DAB7E77001E45A9 /* News.app */;
			productType = "com.apple.product-type.application";
		};
/* End PBXNativeTarget section */

/* Begin PBXProject section */
		74BFC4EC1DAB7E76001E45A9 /* Project object */ = {
			isa = PBXProject;
			attributes = {
				LastSwiftUpdateCheck = 0800;
				LastUpgradeCheck = 0800;
				ORGANIZATIONNAME = "夜风易冷";
				TargetAttributes = {
					74BFC4F31DAB7E76001E45A9 = {
						CreatedOnToolsVersion = 8.0;
						DevelopmentTeam = NEDBZL7MPY;
						ProvisioningStyle = Automatic;
					};
				};
			};
			buildConfigurationList = 74BFC4EF1DAB7E76001E45A9 /* Build configuration list for PBXProject "News" */;
			compatibilityVersion = "Xcode 3.2";
			developmentRegion = English;
			hasScannedForEncodings = 0;
			knownRegions = (
				en,
				Base,
			);
			mainGroup = 74BFC4EB1DAB7E76001E45A9;
			productRefGroup = 74BFC4F51DAB7E77001E45A9 /* Products */;
			projectDirPath = "";
			projectRoot = "";
			targets = (
				74BFC4F31DAB7E76001E45A9 /* News */,
			);
		};
/* End PBXProject section */

/* Begin PBXResourcesBuildPhase section */
		74BFC4F21DAB7E76001E45A9 /* Resources */ = {
			isa = PBXResourcesBuildPhase;
			buildActionMask = 2147483647;
			files = (
				74BFC5021DAB7E77001E45A9 /* LaunchScreen.storyboard in Resources */,
				74BFC4FF1DAB7E77001E45A9 /* Assets.xcassets in Resources */,
				74BFC4FD1DAB7E77001E45A9 /* Main.storyboard in Resources */,
			);
			runOnlyForDeploymentPostprocessing = 0;
		};
/* End PBXResourcesBuildPhase section */

/* Begin PBXShellScriptBuildPhase section */
		0431DC2EB46CB054E54F97E1 /* [CP] Copy Pods Resources */ = {
			isa = PBXShellScriptBuildPhase;
			buildActionMask = 2147483647;
			files = (
			);
			inputPaths = (
			);
			name = "[CP] Copy Pods Resources";
			outputPaths = (
			);
			runOnlyForDeploymentPostprocessing = 0;
			shellPath = /bin/sh;
			shellScript = "\"${SRCROOT}/Pods/Target Support Files/Pods-News/Pods-News-resources.sh\"\n";
			showEnvVarsInLog = 0;
		};
		9601C70E96585B50200475C8 /* [CP] Check Pods Manifest.lock */ = {
			isa = PBXShellScriptBuildPhase;
			buildActionMask = 2147483647;
			files = (
			);
			inputPaths = (
			);
			name = "[CP] Check Pods Manifest.lock";
			outputPaths = (
			);
			runOnlyForDeploymentPostprocessing = 0;
			shellPath = /bin/sh;
			shellScript = "diff \"${PODS_ROOT}/../Podfile.lock\" \"${PODS_ROOT}/Manifest.lock\" > /dev/null\nif [[ $? != 0 ]] ; then\n    cat << EOM\nerror: The sandbox is not in sync with the Podfile.lock. Run 'pod install' or update your CocoaPods installation.\nEOM\n    exit 1\nfi\n";
			showEnvVarsInLog = 0;
		};
		AA39E3F83F412D40C53B9905 /* [CP] Embed Pods Frameworks */ = {
			isa = PBXShellScriptBuildPhase;
			buildActionMask = 2147483647;
			files = (
			);
			inputPaths = (
			);
			name = "[CP] Embed Pods Frameworks";
			outputPaths = (
			);
			runOnlyForDeploymentPostprocessing = 0;
			shellPath = /bin/sh;
			shellScript = "\"${SRCROOT}/Pods/Target Support Files/Pods-News/Pods-News-frameworks.sh\"\n";
			showEnvVarsInLog = 0;
		};
/* End PBXShellScriptBuildPhase section */

/* Begin PBXSourcesBuildPhase section */
		74BFC4F01DAB7E76001E45A9 /* Sources */ = {
			isa = PBXSourcesBuildPhase;
			buildActionMask = 2147483647;
			files = (
				742BE4411DB0ECA5009D488F /* NewsModel.swift in Sources */,
				74BFC4F81DAB7E77001E45A9 /* AppDelegate.swift in Sources */,
				74DCA8211DB0DBC2001F28FD /* HomeViewController.swift in Sources */,
				74DCA8231DB0DC14001F28FD /* NetworkTools.swift in Sources */,
			);
			runOnlyForDeploymentPostprocessing = 0;
		};
/* End PBXSourcesBuildPhase section */

/* Begin PBXVariantGroup section */
		74BFC4FB1DAB7E77001E45A9 /* Main.storyboard */ = {
			isa = PBXVariantGroup;
			children = (
				74BFC4FC1DAB7E77001E45A9 /* Base */,
			);
			name = Main.storyboard;
			sourceTree = "<group>";
		};
		74BFC5001DAB7E77001E45A9 /* LaunchScreen.storyboard */ = {
			isa = PBXVariantGroup;
			children = (
				74BFC5011DAB7E77001E45A9 /* Base */,
			);
			name = LaunchScreen.storyboard;
			sourceTree = "<group>";
		};
/* End PBXVariantGroup section */

/* Begin XCBuildConfiguration section */
		74BFC5041DAB7E77001E45A9 /* Debug */ = {
			isa = XCBuildConfiguration;
			buildSettings = {
				ALWAYS_SEARCH_USER_PATHS = NO;
				CLANG_ANALYZER_NONNULL = YES;
				CLANG_CXX_LANGUAGE_STANDARD = "gnu++0x";
				CLANG_CXX_LIBRARY = "libc++";
				CLANG_ENABLE_MODULES = YES;
				CLANG_ENABLE_OBJC_ARC = YES;
				CLANG_WARN_BOOL_CONVERSION = YES;
				CLANG_WARN_CONSTANT_CONVERSION = YES;
				CLANG_WARN_DIRECT_OBJC_ISA_USAGE = YES_ERROR;
				CLANG_WARN_DOCUMENTATION_COMMENTS = YES;
				CLANG_WARN_EMPTY_BODY = YES;
				CLANG_WARN_ENUM_CONVERSION = YES;
				CLANG_WARN_INFINITE_RECURSION = YES;
				CLANG_WARN_INT_CONVERSION = YES;
				CLANG_WARN_OBJC_ROOT_CLASS = YES_ERROR;
				CLANG_WARN_SUSPICIOUS_MOVE = YES;
				CLANG_WARN_SUSPICIOUS_MOVES = YES;
				CLANG_WARN_UNREACHABLE_CODE = YES;
				CLANG_WARN__DUPLICATE_METHOD_MATCH = YES;
				"CODE_SIGN_IDENTITY[sdk=iphoneos*]" = "iPhone Developer";
				COPY_PHASE_STRIP = NO;
				DEBUG_INFORMATION_FORMAT = dwarf;
				ENABLE_STRICT_OBJC_MSGSEND = YES;
				ENABLE_TESTABILITY = YES;
				GCC_C_LANGUAGE_STANDARD = gnu99;
				GCC_DYNAMIC_NO_PIC = NO;
				GCC_NO_COMMON_BLOCKS = YES;
				GCC_OPTIMIZATION_LEVEL = 0;
				GCC_PREPROCESSOR_DEFINITIONS = (
					"DEBUG=1",
					"$(inherited)",
				);
				GCC_WARN_64_TO_32_BIT_CONVERSION = YES;
				GCC_WARN_ABOUT_RETURN_TYPE = YES_ERROR;
				GCC_WARN_UNDECLARED_SELECTOR = YES;
				GCC_WARN_UNINITIALIZED_AUTOS = YES_AGGRESSIVE;
				GCC_WARN_UNUSED_FUNCTION = YES;
				GCC_WARN_UNUSED_VARIABLE = YES;
				IPHONEOS_DEPLOYMENT_TARGET = 10.0;
				MTL_ENABLE_DEBUG_INFO = YES;
				ONLY_ACTIVE_ARCH = YES;
				SDKROOT = iphoneos;
				SWIFT_ACTIVE_COMPILATION_CONDITIONS = DEBUG;
				SWIFT_OPTIMIZATION_LEVEL = "-Onone";
				TARGETED_DEVICE_FAMILY = "1,2";
			};
			name = Debug;
		};
		74BFC5051DAB7E77001E45A9 /* Release */ = {
			isa = XCBuildConfiguration;
			buildSettings = {
				ALWAYS_SEARCH_USER_PATHS = NO;
				CLANG_ANALYZER_NONNULL = YES;
				CLANG_CXX_LANGUAGE_STANDARD = "gnu++0x";
				CLANG_CXX_LIBRARY = "libc++";
				CLANG_ENABLE_MODULES = YES;
				CLANG_ENABLE_OBJC_ARC = YES;
				CLANG_WARN_BOOL_CONVERSION = YES;
				CLANG_WARN_CONSTANT_CONVERSION = YES;
				CLANG_WARN_DIRECT_OBJC_ISA_USAGE = YES_ERROR;
				CLANG_WARN_DOCUMENTATION_COMMENTS = YES;
				CLANG_WARN_EMPTY_BODY = YES;
				CLANG_WARN_ENUM_CONVERSION = YES;
				CLANG_WARN_INFINITE_RECURSION = YES;
				CLANG_WARN_INT_CONVERSION = YES;
				CLANG_WARN_OBJC_ROOT_CLASS = YES_ERROR;
				CLANG_WARN_SUSPICIOUS_MOVE = YES;
				CLANG_WARN_SUSPICIOUS_MOVES = YES;
				CLANG_WARN_UNREACHABLE_CODE = YES;
				CLANG_WARN__DUPLICATE_METHOD_MATCH = YES;
				"CODE_SIGN_IDENTITY[sdk=iphoneos*]" = "iPhone Developer";
				COPY_PHASE_STRIP = NO;
				DEBUG_INFORMATION_FORMAT = "dwarf-with-dsym";
				ENABLE_NS_ASSERTIONS = NO;
				ENABLE_STRICT_OBJC_MSGSEND = YES;
				GCC_C_LANGUAGE_STANDARD = gnu99;
				GCC_NO_COMMON_BLOCKS = YES;
				GCC_WARN_64_TO_32_BIT_CONVERSION = YES;
				GCC_WARN_ABOUT_RETURN_TYPE = YES_ERROR;
				GCC_WARN_UNDECLARED_SELECTOR = YES;
				GCC_WARN_UNINITIALIZED_AUTOS = YES_AGGRESSIVE;
				GCC_WARN_UNUSED_FUNCTION = YES;
				GCC_WARN_UNUSED_VARIABLE = YES;
				IPHONEOS_DEPLOYMENT_TARGET = 10.0;
				MTL_ENABLE_DEBUG_INFO = NO;
				SDKROOT = iphoneos;
				SWIFT_OPTIMIZATION_LEVEL = "-Owholemodule";
				TARGETED_DEVICE_FAMILY = "1,2";
				VALIDATE_PRODUCT = YES;
			};
			name = Release;
		};
		74BFC5071DAB7E77001E45A9 /* Debug */ = {
			isa = XCBuildConfiguration;
			baseConfigurationReference = 388782A40DF7C678B400DECF /* Pods-News.debug.xcconfig */;
			buildSettings = {
				ALWAYS_EMBED_SWIFT_STANDARD_LIBRARIES = YES;
				ASSETCATALOG_COMPILER_APPICON_NAME = AppIcon;
				DEVELOPMENT_TEAM = NEDBZL7MPY;
				INFOPLIST_FILE = News/Info.plist;
				IPHONEOS_DEPLOYMENT_TARGET = 9.0;
				LD_RUNPATH_SEARCH_PATHS = "$(inherited) @executable_path/Frameworks";
				PRODUCT_BUNDLE_IDENTIFIER = com.caissa.News;
				PRODUCT_NAME = "$(TARGET_NAME)";
				SWIFT_VERSION = 3.0;
			};
			name = Debug;
		};
		74BFC5081DAB7E77001E45A9 /* Release */ = {
			isa = XCBuildConfiguration;
			baseConfigurationReference = BEE0CAFF58E3FD9A0A94C3CD /* Pods-News.release.xcconfig */;
			buildSettings = {
				ALWAYS_EMBED_SWIFT_STANDARD_LIBRARIES = YES;
				ASSETCATALOG_COMPILER_APPICON_NAME = AppIcon;
				DEVELOPMENT_TEAM = NEDBZL7MPY;
				INFOPLIST_FILE = News/Info.plist;
				IPHONEOS_DEPLOYMENT_TARGET = 9.0;
				LD_RUNPATH_SEARCH_PATHS = "$(inherited) @executable_path/Frameworks";
				PRODUCT_BUNDLE_IDENTIFIER = com.caissa.News;
				PRODUCT_NAME = "$(TARGET_NAME)";
				SWIFT_VERSION = 3.0;
			};
			name = Release;
		};
/* End XCBuildConfiguration section */

/* Begin XCConfigurationList section */
		74BFC4EF1DAB7E76001E45A9 /* Build configuration list for PBXProject "News" */ = {
			isa = XCConfigurationList;
			buildConfigurations = (
				74BFC5041DAB7E77001E45A9 /* Debug */,
				74BFC5051DAB7E77001E45A9 /* Release */,
			);
			defaultConfigurationIsVisible = 0;
			defaultConfigurationName = Debug;
		};
		74BFC5061DAB7E77001E45A9 /* Build configuration list for PBXNativeTarget "News" */ = {
			isa = XCConfigurationList;
			buildConfigurations = (
				74BFC5071DAB7E77001E45A9 /* Debug */,
				74BFC5081DAB7E77001E45A9 /* Release */,
			);
			defaultConfigurationIsVisible = 0;
			defaultConfigurationName = Debug;
		};
/* End XCConfigurationList section */
	};
	rootObject = 74BFC4EC1DAB7E76001E45A9 /* Project object */;
}
